
Microsoft Visual Studio Solution File, Format Version 12.00
# Visual Studio Version 17
VisualStudioVersion = 17.4.33110.190
MinimumVisualStudioVersion = 10.0.40219.1
Project("{9A19103F-16F7-4668-BE54-9A1E7A4F7556}") = "Concessionaria-tr", "Concessionaria-tr\Concessionaria-tr.csproj", "{C2ED2C36-527E-495C-BBFC-EC28CD1AA4F4}"
EndProject
Project("{9A19103F-16F7-4668-BE54-9A1E7A4F7556}") = "ConcessionariaApi", "ConcessionariaApi\ConcessionariaApi.csproj", "{BA23787D-CF37-4657-9C5A-357432E565F3}"
EndProject
Project("{FAE04EC0-301F-11D3-BF4B-00C04F79EFBC}") = "FrontEnd", "FrontEnd\FrontEnd.csproj", "{8396344D-CF91-4426-95C1-F4FF44BA8FC7}"
EndProject
Global
	GlobalSection(SolutionConfigurationPlatforms) = preSolution
		Debug|Any CPU = Debug|Any CPU
		Release|Any CPU = Release|Any CPU
	EndGlobalSection
	GlobalSection(ProjectConfigurationPlatforms) = postSolution
		{C2ED2C36-527E-495C-BBFC-EC28CD1AA4F4}.Debug|Any CPU.ActiveCfg = Debug|Any CPU
		{C2ED2C36-527E-495C-BBFC-EC28CD1AA4F4}.Debug|Any CPU.Build.0 = Debug|Any CPU
		{C2ED2C36-527E-495C-BBFC-EC28CD1AA4F4}.Release|Any CPU.ActiveCfg = Release|Any CPU
		{C2ED2C36-527E-495C-BBFC-EC28CD1AA4F4}.Release|Any CPU.Build.0 = Release|Any CPU
		{BA23787D-CF37-4657-9C5A-357432E565F3}.Debug|Any CPU.ActiveCfg = Debug|Any CPU
		{BA23787D-CF37-4657-9C5A-357432E565F3}.Debug|Any CPU.Build.0 = Debug|Any CPU
		{BA23787D-CF37-4657-9C5A-357432E565F3}.Release|Any CPU.ActiveCfg = Release|Any CPU
		{BA23787D-CF37-4657-9C5A-357432E565F3}.Release|Any CPU.Build.0 = Release|Any CPU
		{8396344D-CF91-4426-95C1-F4FF44BA8FC7}.Debug|Any CPU.ActiveCfg = Debug|Any CPU
		{8396344D-CF91-4426-95C1-F4FF44BA8FC7}.Debug|Any CPU.Build.0 = Debug|Any CPU
		{8396344D-CF91-4426-95C1-F4FF44BA8FC7}.Release|Any CPU.ActiveCfg = Release|Any CPU
		{8396344D-CF91-4426-95C1-F4FF44BA8FC7}.Release|Any CPU.Build.0 = Release|Any CPU
	EndGlobalSection
	GlobalSection(SolutionProperties) = preSolution
		HideSolutionNode = FALSE
	EndGlobalSection
	GlobalSection(ExtensibilityGlobals) = postSolution
		SolutionGuid = {411CBEF8-70BD-47B2-97D1-094A9602A246}
	EndGlobalSection
EndGlobal
